
Microsoft Visual Studio Solution File, Format Version 12.00
Project("{FAE04EC0-301F-11D3-BF4B-00C04F79EFBC}") = "AutoTrack.Domain", "AutoTrack.Domain\AutoTrack.Domain.csproj", "{F3FBAED6-7D54-486E-B844-8318D3A35E3A}"
EndProject
Project("{FAE04EC0-301F-11D3-BF4B-00C04F79EFBC}") = "AutoTrack.Application", "AutoTrack.Application\AutoTrack.Application.csproj", "{232BC67A-4D72-43D4-9943-27CE15B77B66}"
EndProject
Project("{FAE04EC0-301F-11D3-BF4B-00C04F79EFBC}") = "AutoTrack.Web", "AutoTrack.Web\AutoTrack.Web.csproj", "{8081491F-9112-46CA-A0C3-438F7708C731}"
EndProject
Project("{FAE04EC0-301F-11D3-BF4B-00C04F79EFBC}") = "AutoTrack.Web.Api", "AutoTrack.Web.Api\AutoTrack.Web.Api.csproj", "{8DC871B2-E523-4D6D-8504-95F256EE6BA7}"
EndProject
Global
	GlobalSection(SolutionConfigurationPlatforms) = preSolution
		Debug|Any CPU = Debug|Any CPU
		Release|Any CPU = Release|Any CPU
	EndGlobalSection
	GlobalSection(ProjectConfigurationPlatforms) = postSolution
		{F3FBAED6-7D54-486E-B844-8318D3A35E3A}.Debug|Any CPU.ActiveCfg = Debug|Any CPU
		{F3FBAED6-7D54-486E-B844-8318D3A35E3A}.Debug|Any CPU.Build.0 = Debug|Any CPU
		{F3FBAED6-7D54-486E-B844-8318D3A35E3A}.Release|Any CPU.ActiveCfg = Release|Any CPU
		{F3FBAED6-7D54-486E-B844-8318D3A35E3A}.Release|Any CPU.Build.0 = Release|Any CPU
		{232BC67A-4D72-43D4-9943-27CE15B77B66}.Debug|Any CPU.ActiveCfg = Debug|Any CPU
		{232BC67A-4D72-43D4-9943-27CE15B77B66}.Debug|Any CPU.Build.0 = Debug|Any CPU
		{232BC67A-4D72-43D4-9943-27CE15B77B66}.Release|Any CPU.ActiveCfg = Release|Any CPU
		{232BC67A-4D72-43D4-9943-27CE15B77B66}.Release|Any CPU.Build.0 = Release|Any CPU
		{8081491F-9112-46CA-A0C3-438F7708C731}.Debug|Any CPU.ActiveCfg = Debug|Any CPU
		{8081491F-9112-46CA-A0C3-438F7708C731}.Debug|Any CPU.Build.0 = Debug|Any CPU
		{8081491F-9112-46CA-A0C3-438F7708C731}.Release|Any CPU.ActiveCfg = Release|Any CPU
		{8081491F-9112-46CA-A0C3-438F7708C731}.Release|Any CPU.Build.0 = Release|Any CPU
		{8DC871B2-E523-4D6D-8504-95F256EE6BA7}.Debug|Any CPU.ActiveCfg = Debug|Any CPU
		{8DC871B2-E523-4D6D-8504-95F256EE6BA7}.Debug|Any CPU.Build.0 = Debug|Any CPU
		{8DC871B2-E523-4D6D-8504-95F256EE6BA7}.Release|Any CPU.ActiveCfg = Release|Any CPU
		{8DC871B2-E523-4D6D-8504-95F256EE6BA7}.Release|Any CPU.Build.0 = Release|Any CPU
	EndGlobalSection
EndGlobal
